
Microsoft Visual Studio Solution File, Format Version 12.00
# Visual Studio Version 17
VisualStudioVersion = 17.14.36121.58 d17.14
MinimumVisualStudioVersion = 10.0.40219.1
Project("{FAE04EC0-301F-11D3-BF4B-00C04F79EFBC}") = "TrifidJam5", "TrifidJam5\TrifidJam5.csproj", "{78CF336C-B57D-4751-846A-51B280AF2F2E}"
EndProject
Global
	GlobalSection(SolutionConfigurationPlatforms) = preSolution
		Debug|Any CPU = Debug|Any CPU
		Release|Any CPU = Release|Any CPU
	EndGlobalSection
	GlobalSection(ProjectConfigurationPlatforms) = postSolution
		{78CF336C-B57D-4751-846A-51B280AF2F2E}.Debug|Any CPU.ActiveCfg = Debug|Any CPU
		{78CF336C-B57D-4751-846A-51B280AF2F2E}.Debug|Any CPU.Build.0 = Debug|Any CPU
		{78CF336C-B57D-4751-846A-51B280AF2F2E}.Release|Any CPU.ActiveCfg = Release|Any CPU
		{78CF336C-B57D-4751-846A-51B280AF2F2E}.Release|Any CPU.Build.0 = Release|Any CPU
	EndGlobalSection
	GlobalSection(SolutionProperties) = preSolution
		HideSolutionNode = FALSE
	EndGlobalSection
	GlobalSection(ExtensibilityGlobals) = postSolution
		SolutionGuid = {12DF7273-3206-4A80-8850-4B29381237B6}
	EndGlobalSection
EndGlobal
